{
  "version": 4,
  "terraform_version": "1.14.1",
  "serial": 142,
  "lineage": "7d360354-80bb-94e6-3c22-41144b3074a9",
  "outputs": {
    "artifact_bucket_name": {
      "value": "artifacts-project-0353a607-51f8-47be-8e2",
      "type": "string"
    },
    "artifact_bucket_url": {
      "value": "gs://artifacts-project-0353a607-51f8-47be-8e2",
      "type": "string"
    },
    "bigquery_dataset_id": {
      "value": "analytics",
      "type": "string"
    },
    "bigquery_dataset_self_link": {
      "value": "https://bigquery.googleapis.com/bigquery/v2/projects/project-0353a607-51f8-47be-8e2/datasets/analytics",
      "type": "string"
    },
    "function_v2_name": {
      "value": "hello-fn-v2",
      "type": "string"
    },
    "function_v2_url": {
      "value": "https://hello-fn-v2-7gp3vmb4uq-el.a.run.app",
      "type": "string"
    },
    "gke_cluster_name": {
      "value": "demo-gke",
      "type": "string"
    },
    "gke_endpoint": {
      "value": "35.244.51.201",
      "type": "string"
    }
  },
  "resources": [
    {
      "mode": "managed",
      "type": "google_compute_network",
      "name": "vpc",
      "provider": "provider[\"registry.terraform.io/hashicorp/google\"]",
      "instances": [
        {
          "schema_version": 0,
          "attributes": {
            "auto_create_subnetworks": false,
            "delete_default_routes_on_create": false,
            "description": "",
            "enable_ula_internal_ipv6": false,
            "gateway_ipv4": "",
            "id": "projects/project-0353a607-51f8-47be-8e2/global/networks/vpc-main",
            "internal_ipv6_range": "",
            "mtu": 0,
            "name": "vpc-main",
            "network_firewall_policy_enforcement_order": "AFTER_CLASSIC_FIREWALL",
            "numeric_id": "3839391528049293323",
            "project": "project-0353a607-51f8-47be-8e2",
            "routing_mode": "REGIONAL",
            "self_link": "https://www.googleapis.com/compute/v1/projects/project-0353a607-51f8-47be-8e2/global/networks/vpc-main",
            "timeouts": null
          },
          "sensitive_attributes": [],
          "identity_schema_version": 0,
          "private": "eyJlMmJmYjczMC1lY2FhLTExZTYtOGY4OC0zNDM2M2JjN2M0YzAiOnsiY3JlYXRlIjoxMjAwMDAwMDAwMDAwLCJkZWxldGUiOjEyMDAwMDAwMDAwMDAsInVwZGF0ZSI6MTIwMDAwMDAwMDAwMH19"
        }
      ]
    },
    {
      "mode": "managed",
      "type": "google_compute_subnetwork",
      "name": "apps",
      "provider": "provider[\"registry.terraform.io/hashicorp/google\"]",
      "instances": [
        {
          "schema_version": 0,
          "attributes": {
            "creation_timestamp": "2026-03-04T02:18:46.969-08:00",
            "description": "",
            "external_ipv6_prefix": "",
            "fingerprint": null,
            "gateway_address": "10.10.0.1",
            "id": "projects/project-0353a607-51f8-47be-8e2/regions/asia-south1/subnetworks/apps-a-south1",
            "internal_ipv6_prefix": "",
            "ip_cidr_range": "10.10.0.0/24",
            "ipv6_access_type": "",
            "ipv6_cidr_range": "",
            "log_config": [],
            "name": "apps-a-south1",
            "network": "https://www.googleapis.com/compute/v1/projects/project-0353a607-51f8-47be-8e2/global/networks/vpc-main",
            "private_ip_google_access": false,
            "private_ipv6_google_access": "DISABLE_GOOGLE_ACCESS",
            "project": "project-0353a607-51f8-47be-8e2",
            "purpose": "PRIVATE",
            "region": "asia-south1",
            "role": "",
            "secondary_ip_range": [
              {
                "ip_cidr_range": "10.20.0.0/16",
                "range_name": "pods"
              },
              {
                "ip_cidr_range": "10.30.0.0/20",
                "range_name": "services"
              }
            ],
            "self_link": "https://www.googleapis.com/compute/v1/projects/project-0353a607-51f8-47be-8e2/regions/asia-south1/subnetworks/apps-a-south1",
            "send_secondary_ip_range_if_empty": null,
            "stack_type": "IPV4_ONLY",
            "timeouts": null
          },
          "sensitive_attributes": [],
          "identity_schema_version": 0,
          "private": "eyJlMmJmYjczMC1lY2FhLTExZTYtOGY4OC0zNDM2M2JjN2M0YzAiOnsiY3JlYXRlIjoxMjAwMDAwMDAwMDAwLCJkZWxldGUiOjEyMDAwMDAwMDAwMDAsInVwZGF0ZSI6MTIwMDAwMDAwMDAwMH19",
          "dependencies": [
            "google_compute_network.vpc"
          ]
        }
      ]
    },
    {
      "mode": "managed",
      "type": "google_project_service",
      "name": "gke_apis",
      "provider": "provider[\"registry.terraform.io/hashicorp/google\"]",
      "instances": [
        {
          "index_key": "composer.googleapis.com",
          "schema_version": 0,
          "attributes": {
            "disable_dependent_services": null,
            "disable_on_destroy": false,
            "id": "project-0353a607-51f8-47be-8e2/composer.googleapis.com",
            "project": "project-0353a607-51f8-47be-8e2",
            "service": "composer.googleapis.com",
            "timeouts": null
          },
          "sensitive_attributes": [],
          "identity_schema_version": 0,
          "private": "eyJlMmJmYjczMC1lY2FhLTExZTYtOGY4OC0zNDM2M2JjN2M0YzAiOnsiY3JlYXRlIjoxMjAwMDAwMDAwMDAwLCJkZWxldGUiOjEyMDAwMDAwMDAwMDAsInJlYWQiOjYwMDAwMDAwMDAwMCwidXBkYXRlIjoxMjAwMDAwMDAwMDAwfX0="
        },
        {
          "index_key": "compute.googleapis.com",
          "schema_version": 0,
          "attributes": {
            "disable_dependent_services": null,
            "disable_on_destroy": false,
            "id": "project-0353a607-51f8-47be-8e2/compute.googleapis.com",
            "project": "project-0353a607-51f8-47be-8e2",
            "service": "compute.googleapis.com",
            "timeouts": null
          },
          "sensitive_attributes": [],
          "identity_schema_version": 0,
          "private": "eyJlMmJmYjczMC1lY2FhLTExZTYtOGY4OC0zNDM2M2JjN2M0YzAiOnsiY3JlYXRlIjoxMjAwMDAwMDAwMDAwLCJkZWxldGUiOjEyMDAwMDAwMDAwMDAsInJlYWQiOjYwMDAwMDAwMDAwMCwidXBkYXRlIjoxMjAwMDAwMDAwMDAwfX0="
        },
        {
          "index_key": "container.googleapis.com",
          "schema_version": 0,
          "attributes": {
            "disable_dependent_services": null,
            "disable_on_destroy": false,
            "id": "project-0353a607-51f8-47be-8e2/container.googleapis.com",
            "project": "project-0353a607-51f8-47be-8e2",
            "service": "container.googleapis.com",
            "timeouts": null
          },
          "sensitive_attributes": [],
          "identity_schema_version": 0,
          "private": "eyJlMmJmYjczMC1lY2FhLTExZTYtOGY4OC0zNDM2M2JjN2M0YzAiOnsiY3JlYXRlIjoxMjAwMDAwMDAwMDAwLCJkZWxldGUiOjEyMDAwMDAwMDAwMDAsInJlYWQiOjYwMDAwMDAwMDAwMCwidXBkYXRlIjoxMjAwMDAwMDAwMDAwfX0="
        },
        {
          "index_key": "iam.googleapis.com",
          "schema_version": 0,
          "attributes": {
            "disable_dependent_services": null,
            "disable_on_destroy": false,
            "id": "project-0353a607-51f8-47be-8e2/iam.googleapis.com",
            "project": "project-0353a607-51f8-47be-8e2",
            "service": "iam.googleapis.com",
            "timeouts": null
          },
          "sensitive_attributes": [],
          "identity_schema_version": 0,
          "private": "eyJlMmJmYjczMC1lY2FhLTExZTYtOGY4OC0zNDM2M2JjN2M0YzAiOnsiY3JlYXRlIjoxMjAwMDAwMDAwMDAwLCJkZWxldGUiOjEyMDAwMDAwMDAwMDAsInJlYWQiOjYwMDAwMDAwMDAwMCwidXBkYXRlIjoxMjAwMDAwMDAwMDAwfX0="
        },
        {
          "index_key": "logging.googleapis.com",
          "schema_version": 0,
          "attributes": {
            "disable_dependent_services": null,
            "disable_on_destroy": false,
            "id": "project-0353a607-51f8-47be-8e2/logging.googleapis.com",
            "project": "project-0353a607-51f8-47be-8e2",
            "service": "logging.googleapis.com",
            "timeouts": null
          },
          "sensitive_attributes": [],
          "identity_schema_version": 0,
          "private": "eyJlMmJmYjczMC1lY2FhLTExZTYtOGY4OC0zNDM2M2JjN2M0YzAiOnsiY3JlYXRlIjoxMjAwMDAwMDAwMDAwLCJkZWxldGUiOjEyMDAwMDAwMDAwMDAsInJlYWQiOjYwMDAwMDAwMDAwMCwidXBkYXRlIjoxMjAwMDAwMDAwMDAwfX0="
        },
        {
          "index_key": "monitoring.googleapis.com",
          "schema_version": 0,
          "attributes": {
            "disable_dependent_services": null,
            "disable_on_destroy": false,
            "id": "project-0353a607-51f8-47be-8e2/monitoring.googleapis.com",
            "project": "project-0353a607-51f8-47be-8e2",
            "service": "monitoring.googleapis.com",
            "timeouts": null
          },
          "sensitive_attributes": [],
          "identity_schema_version": 0,
          "private": "eyJlMmJmYjczMC1lY2FhLTExZTYtOGY4OC0zNDM2M2JjN2M0YzAiOnsiY3JlYXRlIjoxMjAwMDAwMDAwMDAwLCJkZWxldGUiOjEyMDAwMDAwMDAwMDAsInJlYWQiOjYwMDAwMDAwMDAwMCwidXBkYXRlIjoxMjAwMDAwMDAwMDAwfX0="
        }
      ]
    },
    {
      "module": "module.artifact_bucket",
      "mode": "managed",
      "type": "google_storage_bucket",
      "name": "bucket",
      "provider": "provider[\"registry.terraform.io/hashicorp/google\"]",
      "instances": [
        {
          "schema_version": 2,
          "attributes": {
            "autoclass": [],
            "cors": [],
            "custom_placement_config": [],
            "default_event_based_hold": false,
            "effective_labels": {
              "env": "dev",
              "owner": "rahul"
            },
            "enable_object_retention": false,
            "encryption": [],
            "force_destroy": false,
            "id": "artifacts-project-0353a607-51f8-47be-8e2",
            "labels": {
              "env": "dev",
              "owner": "rahul"
            },
            "lifecycle_rule": [],
            "location": "ASIA-SOUTH1",
            "logging": [],
            "name": "artifacts-project-0353a607-51f8-47be-8e2",
            "project": "project-0353a607-51f8-47be-8e2",
            "project_number": -1867369944,
            "public_access_prevention": "inherited",
            "requester_pays": false,
            "retention_policy": [],
            "rpo": null,
            "self_link": "https://www.googleapis.com/storage/v1/b/artifacts-project-0353a607-51f8-47be-8e2",
            "soft_delete_policy": [
              {
                "effective_time": "2026-03-04T10:18:13.331Z",
                "retention_duration_seconds": 604800
              }
            ],
            "storage_class": "STANDARD",
            "terraform_labels": {
              "env": "dev",
              "owner": "rahul"
            },
            "timeouts": null,
            "uniform_bucket_level_access": true,
            "url": "gs://artifacts-project-0353a607-51f8-47be-8e2",
            "versioning": [
              {
                "enabled": true
              }
            ],
            "website": []
          },
          "sensitive_attributes": [],
          "identity_schema_version": 0,
          "private": "eyJlMmJmYjczMC1lY2FhLTExZTYtOGY4OC0zNDM2M2JjN2M0YzAiOnsiY3JlYXRlIjo2MDAwMDAwMDAwMDAsInJlYWQiOjI0MDAwMDAwMDAwMCwidXBkYXRlIjoyNDAwMDAwMDAwMDB9LCJzY2hlbWFfdmVyc2lvbiI6IjIifQ=="
        }
      ]
    },
    {
      "module": "module.bq_dataset",
      "mode": "managed",
      "type": "google_bigquery_dataset",
      "name": "dataset",
      "provider": "provider[\"registry.terraform.io/hashicorp/google\"]",
      "instances": [
        {
          "schema_version": 0,
          "attributes": {
            "access": [
              {
                "dataset": [],
                "domain": "",
                "group_by_email": "",
                "iam_member": "",
                "role": "OWNER",
                "routine": [],
                "special_group": "",
                "user_by_email": "rahulc69980@gmail.com",
                "view": []
              },
              {
                "dataset": [],
                "domain": "",
                "group_by_email": "",
                "iam_member": "",
                "role": "OWNER",
                "routine": [],
                "special_group": "projectOwners",
                "user_by_email": "",
                "view": []
              },
              {
                "dataset": [],
                "domain": "",
                "group_by_email": "",
                "iam_member": "",
                "role": "READER",
                "routine": [],
                "special_group": "projectReaders",
                "user_by_email": "",
                "view": []
              },
              {
                "dataset": [],
                "domain": "",
                "group_by_email": "",
                "iam_member": "",
                "role": "WRITER",
                "routine": [],
                "special_group": "projectWriters",
                "user_by_email": "",
                "view": []
              }
            ],
            "creation_time": -1202000784,
            "dataset_id": "analytics",
            "default_collation": "",
            "default_encryption_configuration": [],
            "default_partition_expiration_ms": 0,
            "default_table_expiration_ms": 0,
            "delete_contents_on_destroy": false,
            "description": "",
            "effective_labels": {
              "env": "dev",
              "owner": "rahul"
            },
            "etag": "QtLTsYASKDnuPsA7xlxuOA==",
            "external_dataset_reference": [],
            "friendly_name": "",
            "id": "projects/project-0353a607-51f8-47be-8e2/datasets/analytics",
            "is_case_insensitive": false,
            "labels": {
              "env": "dev",
              "owner": "rahul"
            },
            "last_modified_time": -1202000784,
            "location": "asia-south1",
            "max_time_travel_hours": "168",
            "project": "project-0353a607-51f8-47be-8e2",
            "resource_tags": null,
            "self_link": "https://bigquery.googleapis.com/bigquery/v2/projects/project-0353a607-51f8-47be-8e2/datasets/analytics",
            "storage_billing_model": "",
            "terraform_labels": {
              "env": "dev",
              "owner": "rahul"
            },
            "timeouts": null
          },
          "sensitive_attributes": [],
          "identity_schema_version": 0,
          "private": "eyJlMmJmYjczMC1lY2FhLTExZTYtOGY4OC0zNDM2M2JjN2M0YzAiOnsiY3JlYXRlIjoxMjAwMDAwMDAwMDAwLCJkZWxldGUiOjEyMDAwMDAwMDAwMDAsInVwZGF0ZSI6MTIwMDAwMDAwMDAwMH19"
        }
      ]
    },
    {
      "module": "module.cloud_composer",
      "mode": "managed",
      "type": "google_composer_environment",
      "name": "composer_env",
      "provider": "provider[\"registry.terraform.io/hashicorp/google\"]",
      "instances": [
        {
          "schema_version": 0,
          "attributes": {
            "config": [
              {
                "airflow_uri": "https://52e03754676449ddbff010bb3076fdb4-dot-asia-south1.composer.googleusercontent.com",
                "dag_gcs_prefix": "gs://asia-south1-composer-demo-40505591-bucket/dags",
                "data_retention_config": [
                  {
                    "task_logs_retention_config": []
                  }
                ],
                "database_config": [],
                "encryption_config": [
                  {
                    "kms_key_name": ""
                  }
                ],
                "environment_size": "ENVIRONMENT_SIZE_SMALL",
                "gke_cluster": "",
                "maintenance_window": [],
                "master_authorized_networks_config": [],
                "node_config": [
                  {
                    "disk_size_gb": 0,
                    "enable_ip_masq_agent": false,
                    "ip_allocation_policy": [
                      {
                        "cluster_ipv4_cidr_block": "",
                        "cluster_secondary_range_name": "",
                        "services_ipv4_cidr_block": "",
                        "services_secondary_range_name": "",
                        "use_ip_aliases": false
                      }
                    ],
                    "machine_type": "",
                    "network": "projects/project-0353a607-51f8-47be-8e2/global/networks/default",
                    "oauth_scopes": [],
                    "service_account": "composer-demo-sa@project-0353a607-51f8-47be-8e2.iam.gserviceaccount.com",
                    "subnetwork": "projects/project-0353a607-51f8-47be-8e2/regions/asia-south1/subnetworks/default",
                    "tags": null,
                    "zone": ""
                  }
                ],
                "node_count": 0,
                "private_environment_config": [],
                "recovery_config": [],
                "resilience_mode": "STANDARD_RESILIENCE",
                "software_config": [
                  {
                    "airflow_config_overrides": null,
                    "env_variables": {
                      "ENV": "dev"
                    },
                    "image_version": "composer-3-airflow-3.1.0-build.10",
                    "pypi_packages": {
                      "pandas": "",
                      "requests": ""
                    },
                    "python_version": "",
                    "scheduler_count": 0
                  }
                ],
                "web_server_config": [],
                "web_server_network_access_control": [
                  {
                    "allowed_ip_range": [
                      {
                        "description": "Allows access from all IPv4 addresses (default value)",
                        "value": "0.0.0.0/0"
                      },
                      {
                        "description": "Allows access from all IPv6 addresses (default value)",
                        "value": "::0/0"
                      }
                    ]
                  }
                ],
                "workloads_config": [
                  {
                    "scheduler": [
                      {
                        "count": 1,
                        "cpu": 2,
                        "memory_gb": 4,
                        "storage_gb": 20
                      }
                    ],
                    "triggerer": [
                      {
                        "count": 1,
                        "cpu": 0.5,
                        "memory_gb": 2
                      }
                    ],
                    "web_server": [
                      {
                        "cpu": 2,
                        "memory_gb": 4,
                        "storage_gb": 20
                      }
                    ],
                    "worker": [
                      {
                        "cpu": 2,
                        "max_count": 3,
                        "memory_gb": 4,
                        "min_count": 1,
                        "storage_gb": 20
                      }
                    ]
                  }
                ]
              }
            ],
            "effective_labels": {},
            "id": "projects/project-0353a607-51f8-47be-8e2/locations/asia-south1/environments/composer-demo",
            "labels": null,
            "name": "composer-demo",
            "project": "project-0353a607-51f8-47be-8e2",
            "region": "asia-south1",
            "storage_config": [
              {
                "bucket": "asia-south1-composer-demo-40505591-bucket"
              }
            ],
            "terraform_labels": {},
            "timeouts": null
          },
          "sensitive_attributes": [],
          "identity_schema_version": 0,
          "private": "eyJlMmJmYjczMC1lY2FhLTExZTYtOGY4OC0zNDM2M2JjN2M0YzAiOnsiY3JlYXRlIjo3MjAwMDAwMDAwMDAwLCJkZWxldGUiOjE4MDAwMDAwMDAwMDAsInVwZGF0ZSI6NzIwMDAwMDAwMDAwMH19",
          "dependencies": [
            "module.cloud_composer.google_project_iam_member.composer_roles",
            "module.cloud_composer.google_project_service.composer_api",
            "module.cloud_composer.google_project_service.required_apis",
            "module.cloud_composer.google_service_account.composer_sa"
          ]
        }
      ]
    },
    {
      "module": "module.cloud_composer",
      "mode": "managed",
      "type": "google_project_iam_member",
      "name": "composer_roles",
      "provider": "provider[\"registry.terraform.io/hashicorp/google\"]",
      "instances": [
        {
          "index_key": "roles/composer.worker",
          "schema_version": 0,
          "attributes": {
            "condition": [],
            "etag": "BwZMMCQkGoY=",
            "id": "project-0353a607-51f8-47be-8e2/roles/composer.worker/serviceAccount:composer-demo-sa@project-0353a607-51f8-47be-8e2.iam.gserviceaccount.com",
            "member": "serviceAccount:composer-demo-sa@project-0353a607-51f8-47be-8e2.iam.gserviceaccount.com",
            "project": "project-0353a607-51f8-47be-8e2",
            "role": "roles/composer.worker"
          },
          "sensitive_attributes": [],
          "identity_schema_version": 0,
          "private": "bnVsbA==",
          "dependencies": [
            "module.cloud_composer.google_service_account.composer_sa"
          ]
        },
        {
          "index_key": "roles/iam.serviceAccountTokenCreator",
          "schema_version": 0,
          "attributes": {
            "condition": [],
            "etag": "BwZMMCQkGoY=",
            "id": "project-0353a607-51f8-47be-8e2/roles/iam.serviceAccountTokenCreator/serviceAccount:composer-demo-sa@project-0353a607-51f8-47be-8e2.iam.gserviceaccount.com",
            "member": "serviceAccount:composer-demo-sa@project-0353a607-51f8-47be-8e2.iam.gserviceaccount.com",
            "project": "project-0353a607-51f8-47be-8e2",
            "role": "roles/iam.serviceAccountTokenCreator"
          },
          "sensitive_attributes": [],
          "identity_schema_version": 0,
          "private": "bnVsbA==",
          "dependencies": [
            "module.cloud_composer.google_service_account.composer_sa"
          ]
        },
        {
          "index_key": "roles/storage.objectAdmin",
          "schema_version": 0,
          "attributes": {
            "condition": [],
            "etag": "BwZMMCQkGoY=",
            "id": "project-0353a607-51f8-47be-8e2/roles/storage.objectAdmin/serviceAccount:composer-demo-sa@project-0353a607-51f8-47be-8e2.iam.gserviceaccount.com",
            "member": "serviceAccount:composer-demo-sa@project-0353a607-51f8-47be-8e2.iam.gserviceaccount.com",
            "project": "project-0353a607-51f8-47be-8e2",
            "role": "roles/storage.objectAdmin"
          },
          "sensitive_attributes": [],
          "identity_schema_version": 0,
          "private": "bnVsbA==",
          "dependencies": [
            "module.cloud_composer.google_service_account.composer_sa"
          ]
        }
      ]
    },
    {
      "module": "module.cloud_composer",
      "mode": "managed",
      "type": "google_project_service",
      "name": "composer_api",
      "provider": "provider[\"registry.terraform.io/hashicorp/google\"]",
      "instances": [
        {
          "schema_version": 0,
          "attributes": {
            "disable_dependent_services": null,
            "disable_on_destroy": false,
            "id": "project-0353a607-51f8-47be-8e2/composer.googleapis.com",
            "project": "project-0353a607-51f8-47be-8e2",
            "service": "composer.googleapis.com",
            "timeouts": null
          },
          "sensitive_attributes": [],
          "identity_schema_version": 0,
          "private": "eyJlMmJmYjczMC1lY2FhLTExZTYtOGY4OC0zNDM2M2JjN2M0YzAiOnsiY3JlYXRlIjoxMjAwMDAwMDAwMDAwLCJkZWxldGUiOjEyMDAwMDAwMDAwMDAsInJlYWQiOjYwMDAwMDAwMDAwMCwidXBkYXRlIjoxMjAwMDAwMDAwMDAwfX0="
        }
      ]
    },
    {
      "module": "module.cloud_composer",
      "mode": "managed",
      "type": "google_project_service",
      "name": "required_apis",
      "provider": "provider[\"registry.terraform.io/hashicorp/google\"]",
      "instances": [
        {
          "index_key": "compute.googleapis.com",
          "schema_version": 0,
          "attributes": {
            "disable_dependent_services": null,
            "disable_on_destroy": false,
            "id": "project-0353a607-51f8-47be-8e2/compute.googleapis.com",
            "project": "project-0353a607-51f8-47be-8e2",
            "service": "compute.googleapis.com",
            "timeouts": null
          },
          "sensitive_attributes": [],
          "identity_schema_version": 0,
          "private": "eyJlMmJmYjczMC1lY2FhLTExZTYtOGY4OC0zNDM2M2JjN2M0YzAiOnsiY3JlYXRlIjoxMjAwMDAwMDAwMDAwLCJkZWxldGUiOjEyMDAwMDAwMDAwMDAsInJlYWQiOjYwMDAwMDAwMDAwMCwidXBkYXRlIjoxMjAwMDAwMDAwMDAwfX0="
        },
        {
          "index_key": "container.googleapis.com",
          "schema_version": 0,
          "attributes": {
            "disable_dependent_services": null,
            "disable_on_destroy": false,
            "id": "project-0353a607-51f8-47be-8e2/container.googleapis.com",
            "project": "project-0353a607-51f8-47be-8e2",
            "service": "container.googleapis.com",
            "timeouts": null
          },
          "sensitive_attributes": [],
          "identity_schema_version": 0,
          "private": "eyJlMmJmYjczMC1lY2FhLTExZTYtOGY4OC0zNDM2M2JjN2M0YzAiOnsiY3JlYXRlIjoxMjAwMDAwMDAwMDAwLCJkZWxldGUiOjEyMDAwMDAwMDAwMDAsInJlYWQiOjYwMDAwMDAwMDAwMCwidXBkYXRlIjoxMjAwMDAwMDAwMDAwfX0="
        },
        {
          "index_key": "iam.googleapis.com",
          "schema_version": 0,
          "attributes": {
            "disable_dependent_services": null,
            "disable_on_destroy": false,
            "id": "project-0353a607-51f8-47be-8e2/iam.googleapis.com",
            "project": "project-0353a607-51f8-47be-8e2",
            "service": "iam.googleapis.com",
            "timeouts": null
          },
          "sensitive_attributes": [],
          "identity_schema_version": 0,
          "private": "eyJlMmJmYjczMC1lY2FhLTExZTYtOGY4OC0zNDM2M2JjN2M0YzAiOnsiY3JlYXRlIjoxMjAwMDAwMDAwMDAwLCJkZWxldGUiOjEyMDAwMDAwMDAwMDAsInJlYWQiOjYwMDAwMDAwMDAwMCwidXBkYXRlIjoxMjAwMDAwMDAwMDAwfX0="
        },
        {
          "index_key": "storage.googleapis.com",
          "schema_version": 0,
          "attributes": {
            "disable_dependent_services": null,
            "disable_on_destroy": false,
            "id": "project-0353a607-51f8-47be-8e2/storage.googleapis.com",
            "project": "project-0353a607-51f8-47be-8e2",
            "service": "storage.googleapis.com",
            "timeouts": null
          },
          "sensitive_attributes": [],
          "identity_schema_version": 0,
          "private": "eyJlMmJmYjczMC1lY2FhLTExZTYtOGY4OC0zNDM2M2JjN2M0YzAiOnsiY3JlYXRlIjoxMjAwMDAwMDAwMDAwLCJkZWxldGUiOjEyMDAwMDAwMDAwMDAsInJlYWQiOjYwMDAwMDAwMDAwMCwidXBkYXRlIjoxMjAwMDAwMDAwMDAwfX0="
        }
      ]
    },
    {
      "module": "module.cloud_composer",
      "mode": "managed",
      "type": "google_service_account",
      "name": "composer_sa",
      "provider": "provider[\"registry.terraform.io/hashicorp/google\"]",
      "instances": [
        {
          "schema_version": 0,
          "attributes": {
            "account_id": "composer-demo-sa",
            "create_ignore_already_exists": null,
            "description": "",
            "disabled": false,
            "display_name": "Composer Environment Service Account",
            "email": "composer-demo-sa@project-0353a607-51f8-47be-8e2.iam.gserviceaccount.com",
            "id": "projects/project-0353a607-51f8-47be-8e2/serviceAccounts/composer-demo-sa@project-0353a607-51f8-47be-8e2.iam.gserviceaccount.com",
            "member": "serviceAccount:composer-demo-sa@project-0353a607-51f8-47be-8e2.iam.gserviceaccount.com",
            "name": "projects/project-0353a607-51f8-47be-8e2/serviceAccounts/composer-demo-sa@project-0353a607-51f8-47be-8e2.iam.gserviceaccount.com",
            "project": "project-0353a607-51f8-47be-8e2",
            "timeouts": null,
            "unique_id": "103689527670446790411"
          },
          "sensitive_attributes": [],
          "identity_schema_version": 0,
          "private": "eyJlMmJmYjczMC1lY2FhLTExZTYtOGY4OC0zNDM2M2JjN2M0YzAiOnsiY3JlYXRlIjozMDAwMDAwMDAwMDB9fQ=="
        }
      ]
    },
    {
      "module": "module.cloud_function_v2",
      "mode": "managed",
      "type": "google_cloud_run_service_iam_member",
      "name": "invoker",
      "provider": "provider[\"registry.terraform.io/hashicorp/google\"]",
      "instances": [
        {
          "schema_version": 0,
          "attributes": {
            "condition": [],
            "etag": "BwZMMCaS110=",
            "id": "v1/projects/project-0353a607-51f8-47be-8e2/locations/asia-south1/services/hello-fn-v2/roles/run.invoker/allUsers",
            "location": "asia-south1",
            "member": "allUsers",
            "project": "project-0353a607-51f8-47be-8e2",
            "role": "roles/run.invoker",
            "service": "v1/projects/project-0353a607-51f8-47be-8e2/locations/asia-south1/services/hello-fn-v2"
          },
          "sensitive_attributes": [],
          "identity_schema_version": 0,
          "private": "bnVsbA==",
          "dependencies": [
            "module.cloud_function_v2.google_cloudfunctions2_function.function"
          ]
        }
      ]
    },
    {
      "module": "module.cloud_function_v2",
      "mode": "managed",
      "type": "google_cloudfunctions2_function",
      "name": "function",
      "provider": "provider[\"registry.terraform.io/hashicorp/google\"]",
      "instances": [
        {
          "schema_version": 0,
          "attributes": {
            "build_config": [
              {
                "automatic_update_policy": [
                  {}
                ],
                "build": "projects/71147074088/locations/asia-south1/builds/a147e991-666a-4150-8d77-d6d6a173a416",
                "docker_repository": "projects/project-0353a607-51f8-47be-8e2/locations/asia-south1/repositories/gcf-artifacts",
                "entry_point": "main",
                "environment_variables": {},
                "on_deploy_update_policy": [],
                "runtime": "python311",
                "service_account": "projects/project-0353a607-51f8-47be-8e2/serviceAccounts/71147074088-compute@developer.gserviceaccount.com",
                "source": [
                  {
                    "repo_source": [],
                    "storage_source": [
                      {
                        "bucket": "9988-bucket",
                        "generation": 591032675,
                        "object": "source.zip"
                      }
                    ]
                  }
                ],
                "worker_pool": ""
              }
            ],
            "description": "",
            "effective_labels": {
              "env": "dev",
              "managed_by": "terraform"
            },
            "environment": "GEN_2",
            "event_trigger": [],
            "id": "projects/project-0353a607-51f8-47be-8e2/locations/asia-south1/functions/hello-fn-v2",
            "kms_key_name": "",
            "labels": {
              "env": "dev",
              "managed_by": "terraform"
            },
            "location": "asia-south1",
            "name": "hello-fn-v2",
            "project": "project-0353a607-51f8-47be-8e2",
            "service_config": [
              {
                "all_traffic_on_latest_revision": true,
                "available_cpu": "0.1666",
                "available_memory": "256M",
                "environment_variables": {
                  "LOG_EXECUTION_ID": "true"
                },
                "gcf_uri": "",
                "ingress_settings": "ALLOW_ALL",
                "max_instance_count": 3,
                "max_instance_request_concurrency": 1,
                "min_instance_count": 0,
                "secret_environment_variables": [],
                "secret_volumes": [],
                "service": "projects/project-0353a607-51f8-47be-8e2/locations/asia-south1/services/hello-fn-v2",
                "service_account_email": "71147074088-compute@developer.gserviceaccount.com",
                "timeout_seconds": 60,
                "uri": "https://hello-fn-v2-7gp3vmb4uq-el.a.run.app",
                "vpc_connector": "",
                "vpc_connector_egress_settings": ""
              }
            ],
            "state": "ACTIVE",
            "terraform_labels": {
              "env": "dev",
              "managed_by": "terraform"
            },
            "timeouts": null,
            "update_time": "2026-03-04T10:18:59.616257815Z",
            "url": "https://asia-south1-project-0353a607-51f8-47be-8e2.cloudfunctions.net/hello-fn-v2"
          },
          "sensitive_attributes": [],
          "identity_schema_version": 0,
          "private": "eyJlMmJmYjczMC1lY2FhLTExZTYtOGY4OC0zNDM2M2JjN2M0YzAiOnsiY3JlYXRlIjozNjAwMDAwMDAwMDAwLCJkZWxldGUiOjM2MDAwMDAwMDAwMDAsInVwZGF0ZSI6MzYwMDAwMDAwMDAwMH19"
        }
      ]
    },
    {
      "module": "module.gke_cluster",
      "mode": "managed",
      "type": "google_container_cluster",
      "name": "cluster",
      "provider": "provider[\"registry.terraform.io/hashicorp/google\"]",
      "instances": [
        {
          "schema_version": 2,
          "attributes": {
            "addons_config": [
              {
                "cloudrun_config": [],
                "config_connector_config": [],
                "dns_cache_config": [
                  {
                    "enabled": true
                  }
                ],
                "gce_persistent_disk_csi_driver_config": [
                  {
                    "enabled": true
                  }
                ],
                "gcp_filestore_csi_driver_config": [],
                "gcs_fuse_csi_driver_config": [],
                "gke_backup_agent_config": [],
                "horizontal_pod_autoscaling": [],
                "http_load_balancing": [],
                "network_policy_config": [
                  {
                    "disabled": true
                  }
                ],
                "ray_operator_config": [],
                "stateful_ha_config": []
              }
            ],
            "allow_net_admin": null,
            "authenticator_groups_config": [],
            "binary_authorization": [
              {
                "enabled": false,
                "evaluation_mode": ""
              }
            ],
            "cluster_autoscaling": [
              {
                "auto_provisioning_defaults": [],
                "auto_provisioning_locations": [],
                "autoscaling_profile": "BALANCED",
                "enabled": false,
                "resource_limits": []
              }
            ],
            "cluster_ipv4_cidr": "10.20.0.0/16",
            "confidential_nodes": [],
            "cost_management_config": [],
            "database_encryption": [
              {
                "key_name": "",
                "state": "DECRYPTED"
              }
            ],
            "datapath_provider": "",
            "default_max_pods_per_node": 110,
            "default_snat_status": [
              {
                "disabled": false
              }
            ],
            "deletion_protection": false,
            "description": "",
            "dns_config": [],
            "enable_autopilot": false,
            "enable_cilium_clusterwide_network_policy": false,
            "enable_intranode_visibility": false,
            "enable_k8s_beta_apis": [],
            "enable_kubernetes_alpha": false,
            "enable_l4_ilb_subsetting": false,
            "enable_legacy_abac": false,
            "enable_multi_networking": false,
            "enable_shielded_nodes": true,
            "enable_tpu": false,
            "endpoint": "35.244.51.201",
            "fleet": [],
            "gateway_api_config": [],
            "id": "projects/project-0353a607-51f8-47be-8e2/locations/asia-south1-b/clusters/demo-gke",
            "identity_service_config": [],
            "initial_node_count": 1,
            "ip_allocation_policy": [
              {
                "additional_pod_ranges_config": [],
                "cluster_ipv4_cidr_block": "10.20.0.0/16",
                "cluster_secondary_range_name": "pods",
                "pod_cidr_overprovision_config": [
                  {
                    "disabled": false
                  }
                ],
                "services_ipv4_cidr_block": "10.30.0.0/20",
                "services_secondary_range_name": "services",
                "stack_type": "IPV4"
              }
            ],
            "label_fingerprint": "a9dc16a7",
            "location": "asia-south1-b",
            "logging_config": [
              {
                "enable_components": [
                  "SYSTEM_COMPONENTS",
                  "WORKLOADS"
                ]
              }
            ],
            "logging_service": "logging.googleapis.com/kubernetes",
            "maintenance_policy": [],
            "master_auth": [
              {
                "client_certificate": "",
                "client_certificate_config": [
                  {
                    "issue_client_certificate": false
                  }
                ],
                "client_key": "",
                "cluster_ca_certificate": "LS0tLS1CRUdJTiBDRVJUSUZJQ0FURS0tLS0tCk1JSUVMVENDQXBXZ0F3SUJBZ0lSQU42V1NnUzJBaHhNYTdZbnRROXdGc1V3RFFZSktvWklodmNOQVFFTEJRQXcKTHpFdE1Dc0dBMVVFQXhNa09HTmlaV1UzWm1NdE9XSTBZeTAwWTJFM0xUazVOVEV0TURFMVptVmxaREl3TTJZNApNQ0FYRFRJMk1ETXdOREE1TVRrek1Wb1lEekl3TlRZd01qSTFNVEF4T1RNeFdqQXZNUzB3S3dZRFZRUURFeVE0ClkySmxaVGRtWXkwNVlqUmpMVFJqWVRjdE9UazFNUzB3TVRWbVpXVmtNakF6Wmpnd2dnR2lNQTBHQ1NxR1NJYjMKRFFFQkFRVUFBNElCandBd2dnR0tBb0lCZ1FDcEFkaTRNcVNsVXAzR1A5S1Fnd1FTYXVxWWEzcXZlZE5aOFdCVgpsTTlpckRWSmJtTEFHNk9DZjVDMjlvRXZQNDY1WS9IZThKa1ZLUnBOVDdtdWY5U2JuUmFQRkJTVXdTQXQ0YzZTCmZjT29wdlI4RGsySnhEak04SnI0SHRCanl3bnVXbHBFSEY5UzRsdDFWdW5LZ0xCNTcvbU91UlBpRmpoRzJuSlQKTEVsT3Rwc1R6RndLRmxUSnNtWE53YWwzNDFDV1k4WnVlVEtyMDNHendTS0VqMGFLZFQ2VkZxOFdhS3ZSSVErUApaMTIrb3I1ZU05TTBhMWZVMXh2cmxmb2dhcVpVYThYcWg0M0NaZ0lWWFhzMnpTSnRVQ3BRdEp2TXNNbHZhZVEwCkdnZFBiazZZRkxkbGVhU3VZMTFUOWFuVDFsQ1o5d3dWWEdVSXBnTUhPRjU0MGp4ZEFwMTc4K1ZMTzRYK3UvKzYKb0JpbFRzdUNXdmpFZTJkdWpVWHg0YUZBVTJmSmdmY0F0WkFGaWo1U1N0TU11SHBWbnNVRU9CRjBlNWp2S2F1RQpCVjhBWXJuNDdPbE9nYmplL2F4VUtmdmxEN2VGWHd5UDVVY1prUVFzUzFlajZjeUJVSEg2OVd0d2NBL3NBRzdoCkxzQjVrOWJnaDRDd3Z0bmMwcUFIQlZtVnRUTUNBd0VBQWFOQ01FQXdEZ1lEVlIwUEFRSC9CQVFEQWdJRU1BOEcKQTFVZEV3RUIvd1FGTUFNQkFmOHdIUVlEVlIwT0JCWUVGSWtEMHNVdk1LUk1TRUF4VERreEJiUk5YV3B2TUEwRwpDU3FHU0liM0RRRUJDd1VBQTRJQmdRQlJscHZSVzhGc3c1K21yMlFTTTN0eUEzMHkzdGYxdU1YQm02TjlqbGl4CjIra3hNdlJMODVrQmhJeFE4anZTbzdlWWRzMTZqYWVlQ3lFZWFzSnFVTDlHWFZyN0ZjRFViY0FQdVBmM0NCUDYKZWV4QmlyWFk2S0JkUm9kVnFCeHpkYUg5blZxNGR2RlluZGFUbHh0UGRJaXhQc1VRTlYyMWNXSXRpSjNWVWJzWQowZSs3dno0MWJOUVN5MDlwOTZJYzlmZGp6YVlNNk5vOGc2cVl4YzNzWGZCNGZmQnBwQWtvUWMvWXBMQVZ5eUVFCnJXTVZTZGJoSGdLbUFOQmE5QXlxYWdXdEQyK1lsa24wVnZqYmppYS9BSG15WU1TTGJGNm9aOFErY1RiTGVOVDUKNWw4WnhrbzFQU0JNckdFZkg0MHVCUVNERENTQkUzZ2o5VEdqZzg1cE1VUUZXb0w0dU1OTkJFbGgyL2tLMEhUOQpmaVVRaWFhRXpNVllYbjNXZzVPQXdtaUJUOVQ5b3pxdW9kMk0vZytBQ0hISW5aclRqeTlSNklEbTZKN2p2Tyt2CkQwYzkrMER0UkZsR3NtQm9ldUVuNm4zRnNZWStBNFZwUTNqdWpWVWIxcW5SRjJzRzIzTUFBMEc4aTNBUXVmY1cKczE3SVZsMHoybzlkQVpMVEdjTHhWV0U9Ci0tLS0tRU5EIENFUlRJRklDQVRFLS0tLS0K"
              }
            ],
            "master_authorized_networks_config": [],
            "master_version": "1.34.3-gke.1318000",
            "mesh_certificates": [],
            "min_master_version": null,
            "monitoring_config": [
              {
                "advanced_datapath_observability_config": [
                  {
                    "enable_metrics": false,
                    "enable_relay": false,
                    "relay_mode": "DISABLED"
                  }
                ],
                "enable_components": [
                  "SYSTEM_COMPONENTS",
                  "DEPLOYMENT",
                  "STATEFULSET",
                  "JOBSET",
                  "STORAGE",
                  "HPA",
                  "POD",
                  "DAEMONSET",
                  "CADVISOR",
                  "KUBELET",
                  "DCGM"
                ],
                "managed_prometheus": [
                  {
                    "enabled": true
                  }
                ]
              }
            ],
            "monitoring_service": "monitoring.googleapis.com/kubernetes",
            "name": "demo-gke",
            "network": "projects/project-0353a607-51f8-47be-8e2/global/networks/vpc-main",
            "network_policy": [
              {
                "enabled": false,
                "provider": "PROVIDER_UNSPECIFIED"
              }
            ],
            "networking_mode": "VPC_NATIVE",
            "node_config": [],
            "node_locations": [],
            "node_pool": [],
            "node_pool_auto_config": [
              {
                "network_tags": [],
                "node_kubelet_config": [
                  {
                    "insecure_kubelet_readonly_port_enabled": "FALSE"
                  }
                ],
                "resource_manager_tags": {}
              }
            ],
            "node_pool_defaults": [
              {
                "node_config_defaults": [
                  {
                    "containerd_config": [],
                    "insecure_kubelet_readonly_port_enabled": "FALSE",
                    "logging_variant": "DEFAULT"
                  }
                ]
              }
            ],
            "node_version": "1.34.3-gke.1318000",
            "notification_config": [
              {
                "pubsub": [
                  {
                    "enabled": false,
                    "filter": [],
                    "topic": ""
                  }
                ]
              }
            ],
            "operation": null,
            "private_cluster_config": [
              {
                "enable_private_endpoint": false,
                "enable_private_nodes": false,
                "master_global_access_config": [
                  {
                    "enabled": false
                  }
                ],
                "master_ipv4_cidr_block": "",
                "peering_name": "",
                "private_endpoint": "10.10.0.2",
                "private_endpoint_subnetwork": "",
                "public_endpoint": "35.244.51.201"
              }
            ],
            "private_ipv6_google_access": "",
            "project": "project-0353a607-51f8-47be-8e2",
            "release_channel": [
              {
                "channel": "REGULAR"
              }
            ],
            "remove_default_node_pool": true,
            "resource_labels": null,
            "resource_usage_export_config": [],
            "security_posture_config": [
              {
                "mode": "BASIC",
                "vulnerability_mode": "VULNERABILITY_MODE_UNSPECIFIED"
              }
            ],
            "self_link": "https://container.googleapis.com/v1/projects/project-0353a607-51f8-47be-8e2/zones/asia-south1-b/clusters/demo-gke",
            "service_external_ips_config": [
              {
                "enabled": false
              }
            ],
            "services_ipv4_cidr": "10.30.0.0/20",
            "subnetwork": "projects/project-0353a607-51f8-47be-8e2/regions/asia-south1/subnetworks/apps-a-south1",
            "timeouts": {
              "create": "60m",
              "delete": "60m",
              "read": null,
              "update": "60m"
            },
            "tpu_ipv4_cidr_block": "",
            "vertical_pod_autoscaling": [],
            "workload_identity_config": [
              {
                "workload_pool": "project-0353a607-51f8-47be-8e2.svc.id.goog"
              }
            ]
          },
          "sensitive_attributes": [
            [
              {
                "type": "get_attr",
                "value": "master_auth"
              },
              {
                "type": "index",
                "value": {
                  "value": 0,
                  "type": "number"
                }
              },
              {
                "type": "get_attr",
                "value": "client_key"
              }
            ]
          ],
          "identity_schema_version": 0,
          "private": "eyJlMmJmYjczMC1lY2FhLTExZTYtOGY4OC0zNDM2M2JjN2M0YzAiOnsiY3JlYXRlIjozNjAwMDAwMDAwMDAwLCJkZWxldGUiOjM2MDAwMDAwMDAwMDAsInJlYWQiOjI0MDAwMDAwMDAwMDAsInVwZGF0ZSI6MzYwMDAwMDAwMDAwMH0sInNjaGVtYV92ZXJzaW9uIjoiMiJ9",
          "dependencies": [
            "google_compute_network.vpc",
            "google_compute_subnetwork.apps",
            "google_project_service.gke_apis"
          ]
        }
      ]
    },
    {
      "module": "module.gke_cluster",
      "mode": "managed",
      "type": "google_container_node_pool",
      "name": "primary_pool",
      "provider": "provider[\"registry.terraform.io/hashicorp/google\"]",
      "instances": [
        {
          "schema_version": 1,
          "attributes": {
            "autoscaling": [
              {
                "location_policy": "BALANCED",
                "max_node_count": 1,
                "min_node_count": 1,
                "total_max_node_count": 0,
                "total_min_node_count": 0
              }
            ],
            "cluster": "demo-gke",
            "id": "projects/project-0353a607-51f8-47be-8e2/locations/asia-south1-b/clusters/demo-gke/nodePools/default-pool",
            "initial_node_count": 1,
            "instance_group_urls": [
              "https://www.googleapis.com/compute/v1/projects/project-0353a607-51f8-47be-8e2/zones/asia-south1-b/instanceGroupManagers/gke-demo-gke-default-pool-44855064-grp"
            ],
            "location": "asia-south1-b",
            "managed_instance_group_urls": [
              "https://www.googleapis.com/compute/v1/projects/project-0353a607-51f8-47be-8e2/zones/asia-south1-b/instanceGroups/gke-demo-gke-default-pool-44855064-grp"
            ],
            "management": [
              {
                "auto_repair": true,
                "auto_upgrade": true
              }
            ],
            "max_pods_per_node": 110,
            "name": "default-pool",
            "name_prefix": "",
            "network_config": [
              {
                "additional_node_network_configs": [],
                "additional_pod_network_configs": [],
                "create_pod_range": false,
                "enable_private_nodes": false,
                "network_performance_config": [],
                "pod_cidr_overprovision_config": [],
                "pod_ipv4_cidr_block": "10.20.0.0/16",
                "pod_range": "pods"
              }
            ],
            "node_config": [
              {
                "advanced_machine_features": [],
                "boot_disk_kms_key": "",
                "confidential_nodes": [],
                "containerd_config": [],
                "disk_size_gb": 20,
                "disk_type": "pd-balanced",
                "effective_taints": [],
                "enable_confidential_storage": false,
                "ephemeral_storage_local_ssd_config": [],
                "fast_socket": [],
                "gcfs_config": [],
                "guest_accelerator": [],
                "gvnic": [],
                "host_maintenance_policy": [],
                "image_type": "COS_CONTAINERD",
                "kubelet_config": [
                  {
                    "cpu_cfs_quota": false,
                    "cpu_cfs_quota_period": "",
                    "cpu_manager_policy": "",
                    "insecure_kubelet_readonly_port_enabled": "FALSE",
                    "pod_pids_limit": 0
                  }
                ],
                "labels": {
                  "cluster": "demo-gke",
                  "pool": "default-pool"
                },
                "linux_node_config": [],
                "local_nvme_ssd_block_config": [],
                "local_ssd_count": 0,
                "logging_variant": "DEFAULT",
                "machine_type": "e2-standard-2",
                "metadata": {
                  "disable-legacy-endpoints": "true"
                },
                "min_cpu_platform": "",
                "node_group": "",
                "oauth_scopes": [
                  "https://www.googleapis.com/auth/cloud-platform"
                ],
                "preemptible": false,
                "reservation_affinity": [],
                "resource_labels": {
                  "goog-gke-node-pool-provisioning-model": "on-demand"
                },
                "resource_manager_tags": null,
                "secondary_boot_disks": [],
                "service_account": "default",
                "shielded_instance_config": [
                  {
                    "enable_integrity_monitoring": true,
                    "enable_secure_boot": false
                  }
                ],
                "sole_tenant_config": [],
                "spot": false,
                "tags": null,
                "taint": [],
                "workload_metadata_config": [
                  {
                    "mode": "GKE_METADATA"
                  }
                ]
              }
            ],
            "node_count": 1,
            "node_locations": [
              "asia-south1-b"
            ],
            "operation": null,
            "placement_policy": [],
            "project": "project-0353a607-51f8-47be-8e2",
            "queued_provisioning": [],
            "timeouts": null,
            "upgrade_settings": [
              {
                "blue_green_settings": [],
                "max_surge": 1,
                "max_unavailable": 0,
                "strategy": "SURGE"
              }
            ],
            "version": "1.34.3-gke.1318000"
          },
          "sensitive_attributes": [],
          "identity_schema_version": 0,
          "private": "eyJlMmJmYjczMC1lY2FhLTExZTYtOGY4OC0zNDM2M2JjN2M0YzAiOnsiY3JlYXRlIjoxODAwMDAwMDAwMDAwLCJkZWxldGUiOjE4MDAwMDAwMDAwMDAsInVwZGF0ZSI6MTgwMDAwMDAwMDAwMH0sInNjaGVtYV92ZXJzaW9uIjoiMSJ9",
          "dependencies": [
            "google_compute_network.vpc",
            "google_compute_subnetwork.apps",
            "google_project_service.gke_apis",
            "module.gke_cluster.google_container_cluster.cluster"
          ]
        }
      ]
    }
  ],
  "check_results": null
}
