{
  "version": 4,
  "terraform_version": "1.14.1",
  "serial": 114,
  "lineage": "7d360354-80bb-94e6-3c22-41144b3074a9",
  "outputs": {},
  "resources": [
    {
      "mode": "managed",
      "type": "google_project_iam_member",
      "name": "composer_sa_worker",
      "provider": "provider[\"registry.terraform.io/hashicorp/google\"]",
      "instances": [
        {
          "schema_version": 0,
          "attributes": {
            "condition": [],
            "etag": "BwZMMAHsABs=",
            "id": "project-0353a607-51f8-47be-8e2/roles/composer.worker/serviceAccount:composer-env-sa@project-0353a607-51f8-47be-8e2.iam.gserviceaccount.com",
            "member": "serviceAccount:composer-env-sa@project-0353a607-51f8-47be-8e2.iam.gserviceaccount.com",
            "project": "project-0353a607-51f8-47be-8e2",
            "role": "roles/composer.worker"
          },
          "sensitive_attributes": [],
          "identity_schema_version": 0,
          "private": "bnVsbA==",
          "dependencies": [
            "google_service_account.composer_sa"
          ]
        }
      ]
    },
    {
      "mode": "managed",
      "type": "google_service_account",
      "name": "composer_sa",
      "provider": "provider[\"registry.terraform.io/hashicorp/google\"]",
      "instances": [
        {
          "schema_version": 0,
          "attributes": {
            "account_id": "composer-env-sa",
            "create_ignore_already_exists": null,
            "description": "",
            "disabled": false,
            "display_name": "Composer Workloads Service Account",
            "email": "composer-env-sa@project-0353a607-51f8-47be-8e2.iam.gserviceaccount.com",
            "id": "projects/project-0353a607-51f8-47be-8e2/serviceAccounts/composer-env-sa@project-0353a607-51f8-47be-8e2.iam.gserviceaccount.com",
            "member": "serviceAccount:composer-env-sa@project-0353a607-51f8-47be-8e2.iam.gserviceaccount.com",
            "name": "projects/project-0353a607-51f8-47be-8e2/serviceAccounts/composer-env-sa@project-0353a607-51f8-47be-8e2.iam.gserviceaccount.com",
            "project": "project-0353a607-51f8-47be-8e2",
            "timeouts": null,
            "unique_id": "101709804494668685627"
          },
          "sensitive_attributes": [],
          "identity_schema_version": 0,
          "private": "eyJlMmJmYjczMC1lY2FhLTExZTYtOGY4OC0zNDM2M2JjN2M0YzAiOnsiY3JlYXRlIjozMDAwMDAwMDAwMDB9fQ=="
        }
      ]
    },
    {
      "mode": "managed",
      "type": "google_service_account_iam_member",
      "name": "allow_user_to_use_cmsa",
      "provider": "provider[\"registry.terraform.io/hashicorp/google\"]",
      "instances": [
        {
          "schema_version": 0,
          "attributes": {
            "condition": [],
            "etag": "BwZMMAGrENo=",
            "id": "projects/project-0353a607-51f8-47be-8e2/serviceAccounts/composer-env-sa@project-0353a607-51f8-47be-8e2.iam.gserviceaccount.com/roles/iam.serviceAccountUser/user:rahulc69980@gmail.com",
            "member": "user:rahulc69980@gmail.com",
            "role": "roles/iam.serviceAccountUser",
            "service_account_id": "projects/project-0353a607-51f8-47be-8e2/serviceAccounts/composer-env-sa@project-0353a607-51f8-47be-8e2.iam.gserviceaccount.com"
          },
          "sensitive_attributes": [],
          "identity_schema_version": 0,
          "private": "bnVsbA==",
          "dependencies": [
            "google_service_account.composer_sa"
          ]
        }
      ]
    }
  ],
  "check_results": null
}
